<?xml version="1.0" encoding="utf-8"?>
<Project ToolsVersion="4.0" xmlns="http://schemas.microsoft.com/developer/msbuild/2003">
  <ItemGroup>
    <Filter Include="Source Files">
      <UniqueIdentifier>{bbef75a1-189b-404b-9c2b-e6e9dfb88370}</UniqueIdentifier>
      <Extensions>cpp;c;cxx</Extensions>
    </Filter>
    <Filter Include="Header Files">
      <UniqueIdentifier>{d15ec4ca-179a-42c9-ae5a-26d0ad9179ec}</UniqueIdentifier>
      <Extensions>h;hpp;hxx</Extensions>
    </Filter>
    <Filter Include="Resources">
      <UniqueIdentifier>{5674f691-c702-4e2b-bf43-a3e4bdc70caa}</UniqueIdentifier>
    </Filter>
  </ItemGroup>
  <ItemGroup>
    <ClCompile Include="Lab1Variant20.cpp">
      <Filter>Source Files</Filter>
    </ClCompile>
  </ItemGroup>
  <ItemGroup>
    <ClInclude Include="MainForm.h">
      <Filter>Header Files</Filter>
    </ClInclude>
    <ClInclude Include="SplashForm.h">
      <Filter>Header Files</Filter>
    </ClInclude>
  </ItemGroup>
  <ItemGroup>
    <Content Include="assets\title_page.png">
      <Filter>Resources</Filter>
    </Content>
    <Content Include="assets\variant20_task.png">
      <Filter>Resources</Filter>
    </Content>
  </ItemGroup>
</Project>
